
Microsoft Visual Studio Solution File, Format Version 12.00
# Visual Studio Version 17
VisualStudioVersion = 17.8.34112.27
MinimumVisualStudioVersion = 10.0.40219.1
Project("{9A19103F-16F7-4668-BE54-9A1E7A4F7556}") = "IIS_LogfileProcessor_Core20", "IIS_LogfileProcessor\IIS_LogfileProcessor_Core20.csproj", "{B9637A0A-1A94-47C5-83E0-21BFAF45680B}"
EndProject
Project("{9A19103F-16F7-4668-BE54-9A1E7A4F7556}") = "IISLogfileReaderTests", "IISLogfileReaderTests\IISLogfileReaderTests.csproj", "{6892701A-CE40-40E9-B23C-1BC82D1B913C}"
EndProject
Project("{9A19103F-16F7-4668-BE54-9A1E7A4F7556}") = "IIS_LogfileReader", "IIS_LogfileReader\IIS_LogfileReader.csproj", "{9FE5CE34-4D05-4D0A-81A0-EEB6A5250EDA}"
EndProject
Project("{2150E333-8FDC-42A3-9474-1A3956D46DE8}") = "1 UI", "1 UI", "{79BA0CD2-5EDC-44C7-B5F0-F6D0F74D9749}"
EndProject
Project("{2150E333-8FDC-42A3-9474-1A3956D46DE8}") = "2 Libs", "2 Libs", "{3085A757-30B2-4FD7-A4E8-034D27B73C1E}"
EndProject
Project("{2150E333-8FDC-42A3-9474-1A3956D46DE8}") = "3 Tests", "3 Tests", "{3FE79265-9C5F-4896-8D55-1CC1FFE8E96F}"
EndProject
Project("{9A19103F-16F7-4668-BE54-9A1E7A4F7556}") = "IIS_RuleCreator", "IIS_RuleCreator\IIS_RuleCreator.csproj", "{D424574E-582D-41B0-989C-3F2811742ACE}"
EndProject
Project("{9A19103F-16F7-4668-BE54-9A1E7A4F7556}") = "CreateRuleTester", "CreateRuleTester\CreateRuleTester.csproj", "{ACE0025B-9FA2-4814-8AF2-004A3659EBAE}"
EndProject
Project("{FAE04EC0-301F-11D3-BF4B-00C04F79EFBC}") = "IIS_RuleCreator_Fw472", "IIS_RuleCreator_Fw472\IIS_RuleCreator_Fw472.csproj", "{A251A418-5706-48E7-BF32-8BCB49E4A2D3}"
EndProject
Project("{FAE04EC0-301F-11D3-BF4B-00C04F79EFBC}") = "CreateRuleTester_Fw472", "CreateRuleTester_Fw472\CreateRuleTester_Fw472.csproj", "{424E3054-8603-4AF8-8EE2-C0DE4A5915E3}"
EndProject
Project("{FAE04EC0-301F-11D3-BF4B-00C04F79EFBC}") = "IIS_LogfileProcessor_Fw472", "IIS_LogfileProcessor_Fw472\IIS_LogfileProcessor_Fw472.csproj", "{64AF5672-6683-48FC-8D20-544911030B04}"
EndProject
Project("{FAE04EC0-301F-11D3-BF4B-00C04F79EFBC}") = "IIS_LogfileReader_Fw472", "IIS_LogfileReader_Fw472\IIS_LogfileReader_Fw472.csproj", "{8185A3FE-B999-4A45-8F5C-9B10888F2E10}"
EndProject
Project("{2150E333-8FDC-42A3-9474-1A3956D46DE8}") = "4 Solution items", "4 Solution items", "{61652AC9-88AB-4313-BB7A-9B34787BC54F}"
	ProjectSection(SolutionItems) = preProject
		.gitattributes = .gitattributes
		.gitignore = .gitignore
		LICENSE.txt = LICENSE.txt
		README.md = README.md
	EndProjectSection
EndProject
Global
	GlobalSection(SolutionConfigurationPlatforms) = preSolution
		Debug|Any CPU = Debug|Any CPU
		Release|Any CPU = Release|Any CPU
	EndGlobalSection
	GlobalSection(ProjectConfigurationPlatforms) = postSolution
		{B9637A0A-1A94-47C5-83E0-21BFAF45680B}.Debug|Any CPU.ActiveCfg = Debug|Any CPU
		{B9637A0A-1A94-47C5-83E0-21BFAF45680B}.Debug|Any CPU.Build.0 = Debug|Any CPU
		{B9637A0A-1A94-47C5-83E0-21BFAF45680B}.Release|Any CPU.ActiveCfg = Release|Any CPU
		{B9637A0A-1A94-47C5-83E0-21BFAF45680B}.Release|Any CPU.Build.0 = Release|Any CPU
		{6892701A-CE40-40E9-B23C-1BC82D1B913C}.Debug|Any CPU.ActiveCfg = Debug|Any CPU
		{6892701A-CE40-40E9-B23C-1BC82D1B913C}.Debug|Any CPU.Build.0 = Debug|Any CPU
		{6892701A-CE40-40E9-B23C-1BC82D1B913C}.Release|Any CPU.ActiveCfg = Release|Any CPU
		{6892701A-CE40-40E9-B23C-1BC82D1B913C}.Release|Any CPU.Build.0 = Release|Any CPU
		{9FE5CE34-4D05-4D0A-81A0-EEB6A5250EDA}.Debug|Any CPU.ActiveCfg = Debug|Any CPU
		{9FE5CE34-4D05-4D0A-81A0-EEB6A5250EDA}.Debug|Any CPU.Build.0 = Debug|Any CPU
		{9FE5CE34-4D05-4D0A-81A0-EEB6A5250EDA}.Release|Any CPU.ActiveCfg = Release|Any CPU
		{9FE5CE34-4D05-4D0A-81A0-EEB6A5250EDA}.Release|Any CPU.Build.0 = Release|Any CPU
		{D424574E-582D-41B0-989C-3F2811742ACE}.Debug|Any CPU.ActiveCfg = Debug|Any CPU
		{D424574E-582D-41B0-989C-3F2811742ACE}.Debug|Any CPU.Build.0 = Debug|Any CPU
		{D424574E-582D-41B0-989C-3F2811742ACE}.Release|Any CPU.ActiveCfg = Release|Any CPU
		{D424574E-582D-41B0-989C-3F2811742ACE}.Release|Any CPU.Build.0 = Release|Any CPU
		{ACE0025B-9FA2-4814-8AF2-004A3659EBAE}.Debug|Any CPU.ActiveCfg = Debug|Any CPU
		{ACE0025B-9FA2-4814-8AF2-004A3659EBAE}.Debug|Any CPU.Build.0 = Debug|Any CPU
		{ACE0025B-9FA2-4814-8AF2-004A3659EBAE}.Release|Any CPU.ActiveCfg = Release|Any CPU
		{ACE0025B-9FA2-4814-8AF2-004A3659EBAE}.Release|Any CPU.Build.0 = Release|Any CPU
		{A251A418-5706-48E7-BF32-8BCB49E4A2D3}.Debug|Any CPU.ActiveCfg = Debug|Any CPU
		{A251A418-5706-48E7-BF32-8BCB49E4A2D3}.Debug|Any CPU.Build.0 = Debug|Any CPU
		{A251A418-5706-48E7-BF32-8BCB49E4A2D3}.Release|Any CPU.ActiveCfg = Release|Any CPU
		{A251A418-5706-48E7-BF32-8BCB49E4A2D3}.Release|Any CPU.Build.0 = Release|Any CPU
		{424E3054-8603-4AF8-8EE2-C0DE4A5915E3}.Debug|Any CPU.ActiveCfg = Debug|Any CPU
		{424E3054-8603-4AF8-8EE2-C0DE4A5915E3}.Debug|Any CPU.Build.0 = Debug|Any CPU
		{424E3054-8603-4AF8-8EE2-C0DE4A5915E3}.Release|Any CPU.ActiveCfg = Release|Any CPU
		{424E3054-8603-4AF8-8EE2-C0DE4A5915E3}.Release|Any CPU.Build.0 = Release|Any CPU
		{64AF5672-6683-48FC-8D20-544911030B04}.Debug|Any CPU.ActiveCfg = Debug|Any CPU
		{64AF5672-6683-48FC-8D20-544911030B04}.Debug|Any CPU.Build.0 = Debug|Any CPU
		{64AF5672-6683-48FC-8D20-544911030B04}.Release|Any CPU.ActiveCfg = Release|Any CPU
		{64AF5672-6683-48FC-8D20-544911030B04}.Release|Any CPU.Build.0 = Release|Any CPU
		{8185A3FE-B999-4A45-8F5C-9B10888F2E10}.Debug|Any CPU.ActiveCfg = Debug|Any CPU
		{8185A3FE-B999-4A45-8F5C-9B10888F2E10}.Debug|Any CPU.Build.0 = Debug|Any CPU
		{8185A3FE-B999-4A45-8F5C-9B10888F2E10}.Release|Any CPU.ActiveCfg = Release|Any CPU
		{8185A3FE-B999-4A45-8F5C-9B10888F2E10}.Release|Any CPU.Build.0 = Release|Any CPU
	EndGlobalSection
	GlobalSection(SolutionProperties) = preSolution
		HideSolutionNode = FALSE
	EndGlobalSection
	GlobalSection(NestedProjects) = preSolution
		{B9637A0A-1A94-47C5-83E0-21BFAF45680B} = {79BA0CD2-5EDC-44C7-B5F0-F6D0F74D9749}
		{6892701A-CE40-40E9-B23C-1BC82D1B913C} = {3FE79265-9C5F-4896-8D55-1CC1FFE8E96F}
		{9FE5CE34-4D05-4D0A-81A0-EEB6A5250EDA} = {3085A757-30B2-4FD7-A4E8-034D27B73C1E}
		{D424574E-582D-41B0-989C-3F2811742ACE} = {3085A757-30B2-4FD7-A4E8-034D27B73C1E}
		{ACE0025B-9FA2-4814-8AF2-004A3659EBAE} = {3FE79265-9C5F-4896-8D55-1CC1FFE8E96F}
		{A251A418-5706-48E7-BF32-8BCB49E4A2D3} = {3085A757-30B2-4FD7-A4E8-034D27B73C1E}
		{424E3054-8603-4AF8-8EE2-C0DE4A5915E3} = {3FE79265-9C5F-4896-8D55-1CC1FFE8E96F}
		{64AF5672-6683-48FC-8D20-544911030B04} = {79BA0CD2-5EDC-44C7-B5F0-F6D0F74D9749}
		{8185A3FE-B999-4A45-8F5C-9B10888F2E10} = {3085A757-30B2-4FD7-A4E8-034D27B73C1E}
	EndGlobalSection
	GlobalSection(ExtensibilityGlobals) = postSolution
		SolutionGuid = {9DF18591-8D8A-4E89-8128-D078A9F30E20}
	EndGlobalSection
EndGlobal
